
Microsoft Visual Studio Solution File, Format Version 12.00
# Visual Studio 15
VisualStudioVersion = 15.0.26228.12
MinimumVisualStudioVersion = 10.0.40219.1
Project("{2150E333-8FDC-42A3-9474-1A3956D46DE8}") = "src", "src", "{6091FD2D-03EB-4F39-96E3-43B676F2C7CF}"
EndProject
Project("{2150E333-8FDC-42A3-9474-1A3956D46DE8}") = "Solution Items", "Solution Items", "{AF0A2583-42D3-40DA-AAA3-3D6515EDE6CE}"
EndProject
Project("{9A19103F-16F7-4668-BE54-9A1E7A4F7556}") = "ASUProjectSubmission", "src\ASUProjectSubmission\ASUProjectSubmission.csproj", "{DF845D2A-EF55-4FD6-83DD-34D293E01360}"
EndProject
Global
	GlobalSection(SolutionConfigurationPlatforms) = preSolution
		Debug|Any CPU = Debug|Any CPU
		Release|Any CPU = Release|Any CPU
	EndGlobalSection
	GlobalSection(ProjectConfigurationPlatforms) = postSolution
		{DF845D2A-EF55-4FD6-83DD-34D293E01360}.Debug|Any CPU.ActiveCfg = Debug|Any CPU
		{DF845D2A-EF55-4FD6-83DD-34D293E01360}.Debug|Any CPU.Build.0 = Debug|Any CPU
		{DF845D2A-EF55-4FD6-83DD-34D293E01360}.Release|Any CPU.ActiveCfg = Release|Any CPU
		{DF845D2A-EF55-4FD6-83DD-34D293E01360}.Release|Any CPU.Build.0 = Release|Any CPU
	EndGlobalSection
	GlobalSection(SolutionProperties) = preSolution
		HideSolutionNode = FALSE
	EndGlobalSection
	GlobalSection(NestedProjects) = preSolution
		{DF845D2A-EF55-4FD6-83DD-34D293E01360} = {6091FD2D-03EB-4F39-96E3-43B676F2C7CF}
	EndGlobalSection
EndGlobal
